
Microsoft Visual Studio Solution File, Format Version 12.00
# Visual Studio 2012
Project("{FAE04EC0-301F-11D3-BF4B-00C04F79EFBC}") = "DllProject", "DllProject\DllProject.csproj", "{E73D917D-C76C-497D-93A9-3EEB21D34EF3}"
EndProject
Global
	GlobalSection(SolutionConfigurationPlatforms) = preSolution
		Debug|Any CPU = Debug|Any CPU
		Release|Any CPU = Release|Any CPU
	EndGlobalSection
	GlobalSection(ProjectConfigurationPlatforms) = postSolution
		{E73D917D-C76C-497D-93A9-3EEB21D34EF3}.Debug|Any CPU.ActiveCfg = Debug|Any CPU
		{E73D917D-C76C-497D-93A9-3EEB21D34EF3}.Debug|Any CPU.Build.0 = Debug|Any CPU
		{E73D917D-C76C-497D-93A9-3EEB21D34EF3}.Release|Any CPU.ActiveCfg = Release|Any CPU
		{E73D917D-C76C-497D-93A9-3EEB21D34EF3}.Release|Any CPU.Build.0 = Release|Any CPU
	EndGlobalSection
	GlobalSection(SolutionProperties) = preSolution
		HideSolutionNode = FALSE
	EndGlobalSection
EndGlobal
